dependencies:
  espressif/esp-dl:
    component_hash: 202454af7c8f1e679db72f33d79fde29a8038f6b7e0c07bec8bf6eae5e5470a6
    dependencies:
    - name: idf
      require: private
      version: '>=5.3'
    source:
      registry_url: https://components.espressif.com/
      type: service
    targets:
    - esp32s3
    - esp32p4
    version: 3.0.0~1-rc.1
  espressif/esp-serial-flasher:
    component_hash: dcc42a16712a1a636509cf0bf90e14032d7f2141784b533613b267b6aa318d52
    dependencies: []
    source:
      registry_url: https://components.espressif.com
      type: service
    version: 0.0.11
  espressif/esp_rainmaker:
    component_hash: 872983f70aa7fb56a39231ced0080a8476aaa277f2368e47ad8fe19ec182e9ba
    dependencies:
    - name: espressif/rmaker_common
      registry_url: https://components.espressif.com
      require: private
      version: ~1.4.6
    - name: espressif/network_provisioning
      registry_url: https://components.espressif.com
      require: private
      rules:
      - if: idf_version >= 5.1
      version: ~1.0.0
    - name: espressif/mdns
      registry_url: https://components.espressif.com
      require: private
      rules:
      - if: idf_version >=5.0
      version: ^1.2.0
    - name: espressif/json_parser
      registry_url: https://components.espressif.com
      require: private
      version: ~1.0.3
    - name: espressif/json_generator
      registry_url: https://components.espressif.com
      require: private
      version: ~1.1.1
    - name: espressif/esp_secure_cert_mgr
      registry_url: https://components.espressif.com
      require: private
      rules:
      - if: idf_version >=4.3
      version: ^2.2.1
    - name: espressif/esp_schedule
      registry_url: https://components.espressif.com
      require: private
      version: ~1.2.0
    - name: espressif/esp_rcp_update
      registry_url: https://components.espressif.com
      require: private
      rules:
      - if: idf_version >= 5.1
      version: ~1.2.0
    source:
      registry_url: https://components.espressif.com/
      type: service
    version: 1.5.1
  espressif/esp_rcp_update:
    component_hash: c10afbd54a17f27eed880e61262b161656e6d36ad63376c307f9273e99d0abcd
    dependencies:
    - name: idf
      registry_url: https://components.espressif.com
      require: private
      version: '>=5.0'
    - name: espressif/esp-serial-flasher
      registry_url: https://components.espressif.com
      require: private
      version: ~0.0.0
    source:
      registry_url: https://components.espressif.com
      type: service
    version: 1.2.0
  espressif/esp_schedule:
    component_hash: e202a9c688f7f1ab601efb91d682e4bcfaebc508dcceee1a1e0a0d2d1ca75a26
    dependencies:
    - name: espressif/rmaker_common
      registry_url: https://components.espressif.com
      require: private
      version: ~1.4.2
    source:
      registry_url: https://components.espressif.com
      type: service
    version: 1.2.0
  espressif/esp_secure_cert_mgr:
    component_hash: 5d9175b416f751ba6a7cb35bdf092f0af85658ce06c4a592c7c541d8017ebeb9
    dependencies:
    - name: idf
      registry_url: https://components.espressif.com
      require: private
      version: '>=4.3'
    source:
      registry_url: https://components.espressif.com
      type: service
    version: 2.5.0
  espressif/jsmn:
    component_hash: d80350c41bbaa827c98a25b6072df00884e72f54885996fab4a4f0aebce6b6c3
    dependencies:
    - name: idf
      registry_url: https://components.espressif.com
      require: private
      version: '>=4.3'
    source:
      registry_url: https://components.espressif.com
      type: service
    version: 1.1.0
  espressif/json_generator:
    component_hash: 45033e1c199b13f1c8c1b544fb7d4e2df6a8e3071ebdcb1b22582b61a7974ff2
    dependencies: []
    source:
      registry_url: https://components.espressif.com
      type: service
    version: 1.1.2
  espressif/json_parser:
    component_hash: d74b81729ad06ec11ff5eb5b1b0d7df1d00e6027fc11471f4b139c70dcf1b1e4
    dependencies:
    - name: espressif/jsmn
      registry_url: https://components.espressif.com
      require: private
      rules:
      - if: idf_version >=5.0
      version: ~1.1
    source:
      registry_url: https://components.espressif.com
      type: service
    version: 1.0.3
  espressif/mdns:
    component_hash: f5267872ed0c810d1b281c41a567cace7b3a3695c0df9dff89f631e9ba426ed0
    dependencies:
    - name: idf
      require: private
      version: '>=5.0'
    source:
      registry_url: https://components.espressif.com
      type: service
    version: 1.4.2
  espressif/mpu6050:
    component_hash: d69219ccb141372b863c511749ffbeab28417ac71c205d7ed7030c308e1b6832
    dependencies:
    - name: idf
      registry_url: https://components.espressif.com
      require: private
      version: '>=4.0'
    source:
      registry_url: https://components.espressif.com/
      type: service
    version: 1.2.0
  espressif/network_provisioning:
    component_hash: 1c0f76f4a37c3f2101ae9735e9da901ef4469a07af9cc075fc8f08fee43281e4
    dependencies:
    - name: idf
      require: private
      version: '>=5.1'
    source:
      registry_url: https://components.espressif.com
      type: service
    version: 1.0.3
  espressif/qrcode:
    component_hash: 3b493771bc5d6ad30cbf87c25bf784aada8a08c941504355b55d6b75518ed7bc
    dependencies: []
    source:
      registry_url: https://components.espressif.com/
      type: service
    version: 0.1.0~2
  espressif/rmaker_common:
    component_hash: a3a1df881278d0351fc850b77792fe8a196ddd6dcacbea203d606329cc6a0239
    dependencies: []
    source:
      registry_url: https://components.espressif.com
      type: service
    version: 1.4.6
  idf:
    source:
      type: idf
    version: 5.3.1
direct_dependencies:
- espressif/esp-dl
- espressif/esp_rainmaker
- espressif/mpu6050
- espressif/qrcode
- idf
manifest_hash: 375d4b9696bc0aba1ce5c350badeb98dfc1f102d8c3a927a3dbe1112797cb5c5
target: esp32s3
version: 2.0.0
